
Microsoft Visual Studio Solution File, Format Version 12.00
# Visual Studio Version 17
VisualStudioVersion = 17.12.35707.178 d17.12
MinimumVisualStudioVersion = 10.0.40219.1
Project("{FAE04EC0-301F-11D3-BF4B-00C04F79EFBC}") = "training3", "training3\training3.csproj", "{A705782A-47C6-40A6-A3F4-9FAD7DA3B1AB}"
EndProject
Global
	GlobalSection(SolutionConfigurationPlatforms) = preSolution
		Debug|Any CPU = Debug|Any CPU
		Release|Any CPU = Release|Any CPU
	EndGlobalSection
	GlobalSection(ProjectConfigurationPlatforms) = postSolution
		{A705782A-47C6-40A6-A3F4-9FAD7DA3B1AB}.Debug|Any CPU.ActiveCfg = Debug|Any CPU
		{A705782A-47C6-40A6-A3F4-9FAD7DA3B1AB}.Debug|Any CPU.Build.0 = Debug|Any CPU
		{A705782A-47C6-40A6-A3F4-9FAD7DA3B1AB}.Release|Any CPU.ActiveCfg = Release|Any CPU
		{A705782A-47C6-40A6-A3F4-9FAD7DA3B1AB}.Release|Any CPU.Build.0 = Release|Any CPU
	EndGlobalSection
	GlobalSection(SolutionProperties) = preSolution
		HideSolutionNode = FALSE
	EndGlobalSection
EndGlobal
